{
  "name": "sigmund",
  "version": "1.0.1",
  "lockfileVersion": 1,
  "dependencies": {
    "abbrev": {
      "version": "1.1.1",
      "resolved": "http://registry.npm.taobao.org/abbrev/download/abbrev-1.1.1.tgz",
      "integrity": "sha1-+PLIh60Qv2f2NPAFtph/7TF5qsg=",
      "dev": true
    },
    "buffer-equal": {
      "version": "0.0.2",
      "resolved": "http://registry.npm.taobao.org/buffer-equal/download/buffer-equal-0.0.2.tgz",
      "integrity": "sha1-7Lt5D1aNQAmKYkK1SAXHWAXrk48=",
      "dev": true
    },
    "bunker": {
      "version": "0.1.2",
      "resolved": "http://registry.npm.taobao.org/bunker/download/bunker-0.1.2.tgz",
      "integrity": "sha1-yImSRkqOKm7ehpMDdfkrWAd++Xw=",
      "dev": true
    },
    "burrito": {
      "version": "0.2.12",
      "resolved": "http://registry.npm.taobao.org/burrito/download/burrito-0.2.12.tgz",
      "integrity": "sha1-0NbmrIHV6ZeJxvpKzLCwAx6lT2s=",
      "dev": true,
      "dependencies": {
        "traverse": {
          "version": "0.5.2",
          "resolved": "http://registry.npm.taobao.org/traverse/download/traverse-0.5.2.tgz",
          "integrity": "sha1-4gPFjV9/DjfbbnTArLkpuwm2HYU=",
          "dev": true
        }
      }
    },
    "charm": {
      "version": "0.1.2",
      "resolved": "http://registry.npm.taobao.org/charm/download/charm-0.1.2.tgz",
      "integrity": "sha1-BsIe7RobBq62dVPNxT4jJ0usIpY=",
      "dev": true
    },
    "deep-equal": {
      "version": "0.0.0",
      "resolved": "http://registry.npm.taobao.org/deep-equal/download/deep-equal-0.0.0.tgz",
      "integrity": "sha1-mWedO70EcVb81FDT0B7rkGhpHoM=",
      "dev": true
    },
    "deep-is": {
      "version": "0.1.3",
      "resolved": "http://registry.npm.taobao.org/deep-is/download/deep-is-0.1.3.tgz",
      "integrity": "sha1-s2nW+128E+7PUk+RsHD+7cNXzzQ=",
      "dev": true
    },
    "difflet": {
      "version": "0.2.6",
      "resolved": "http://registry.npm.taobao.org/difflet/download/difflet-0.2.6.tgz",
      "integrity": "sha1-qyOzH1ZJtvqo49KsvTNEZzZcpvo=",
      "dev": true
    },
    "inherits": {
      "version": "2.0.3",
      "resolved": "http://registry.npm.taobao.org/inherits/download/inherits-2.0.3.tgz",
      "integrity": "sha1-Yzwsg+PaQqUC9SRmAiSA9CCCYd4=",
      "dev": true
    },
    "mkdirp": {
      "version": "0.3.5",
      "resolved": "http://registry.npm.taobao.org/mkdirp/download/mkdirp-0.3.5.tgz",
      "integrity": "sha1-3j5fiWHIjHh+4TaN+EmsRBPsqNc=",
      "dev": true
    },
    "nopt": {
      "version": "2.2.1",
      "resolved": "http://registry.npm.taobao.org/nopt/download/nopt-2.2.1.tgz",
      "integrity": "sha1-KqCbfRdoSHs7ianFqlIzW/8Lrqc=",
      "dev": true
    },
    "runforcover": {
      "version": "0.0.2",
      "resolved": "http://registry.npm.taobao.org/runforcover/download/runforcover-0.0.2.tgz",
      "integrity": "sha1-NE8FfY1F0zrrxsyCIEZ49pxIV8w=",
      "dev": true
    },
    "slide": {
      "version": "1.1.6",
      "resolved": "http://registry.npm.taobao.org/slide/download/slide-1.1.6.tgz",
      "integrity": "sha1-VusCfWW00tzmyy4tMsTUr8nh1wc=",
      "dev": true
    },
    "tap": {
      "version": "0.3.3",
      "resolved": "http://registry.npm.taobao.org/tap/download/tap-0.3.3.tgz",
      "integrity": "sha1-yGIjevCiE/l//0ZZS9HUTspwXWM=",
      "dev": true,
      "dependencies": {
        "inherits": {
          "version": "1.0.0",
          "bundled": true,
          "dev": true
        },
        "yamlish": {
          "version": "0.0.5",
          "bundled": true,
          "dev": true
        }
      }
    },
    "tap-consumer": {
      "version": "0.0.1",
      "resolved": "http://registry.npm.taobao.org/tap-consumer/download/tap-consumer-0.0.1.tgz",
      "integrity": "sha1-oSf7Dyj+9LX+Vzsvz70XDicCB5Y=",
      "dev": true
    },
    "tap-results": {
      "version": "0.0.2",
      "resolved": "http://registry.npm.taobao.org/tap-results/download/tap-results-0.0.2.tgz",
      "integrity": "sha1-oSTf56S2YnnG9lrtxU7Fl3RkJos=",
      "dev": true,
      "dependencies": {
        "inherits": {
          "version": "1.0.2",
          "resolved": "http://registry.npm.taobao.org/inherits/download/inherits-1.0.2.tgz",
          "integrity": "sha1-ykMJ2t7mtUzAuNJH6NfHoJdb3Js=",
          "dev": true
        }
      }
    },
    "traverse": {
      "version": "0.6.6",
      "resolved": "http://registry.npm.taobao.org/traverse/download/traverse-0.6.6.tgz",
      "integrity": "sha1-y99WD9e5r2MlAv7UD5GMFX6pcTc=",
      "dev": true
    },
    "uglify-js": {
      "version": "1.1.1",
      "resolved": "http://registry.npm.taobao.org/uglify-js/download/uglify-js-1.1.1.tgz",
      "integrity": "sha1-7nGpfEzv0GoamyBDfzQRiYKqA1s=",
      "dev": true
    },
    "yamlish": {
      "version": "0.0.7",
      "resolved": "http://registry.npm.taobao.org/yamlish/download/yamlish-0.0.7.tgz",
      "integrity": "sha1-tK+aHcxjYYhzw9bkUewyE8OaV/s=",
      "dev": true
    }
  }
}
